// !$*UTF8*$!
{
	archiveVersion = 1;
	classes = {
	};
	objectVersion = 56;
	objects = {

/* Begin PBXBuildFile section */
		520AB69E2C00CA8B00B3AC66 /* AppDelegate.swift in Sources */ = {isa = PBXBuildFile; fileRef = 520AB69D2C00CA8B00B3AC66 /* AppDelegate.swift */; };
		520AB6A02C00CA8B00B3AC66 /* SceneDelegate.swift in Sources */ = {isa = PBXBuildFile; fileRef = 520AB69F2C00CA8B00B3AC66 /* SceneDelegate.swift */; };
		520AB6A72C00CA8E00B3AC66 /* Assets.xcassets in Resources */ = {isa = PBXBuildFile; fileRef = 520AB6A62C00CA8E00B3AC66 /* Assets.xcassets */; };
		520AB6AA2C00CA8E00B3AC66 /* Base in Resources */ = {isa = PBXBuildFile; fileRef = 520AB6A92C00CA8E00B3AC66 /* Base */; };
		520AB6B32C00CB7300B3AC66 /* AppCoordinator.swift in Sources */ = {isa = PBXBuildFile; fileRef = 520AB6B22C00CB7300B3AC66 /* AppCoordinator.swift */; };
		520AB6B52C00CB8000B3AC66 /* MainCoordinator.swift in Sources */ = {isa = PBXBuildFile; fileRef = 520AB6B42C00CB8000B3AC66 /* MainCoordinator.swift */; };
		520AB6B72C00CB8800B3AC66 /* Coordinator.swift in Sources */ = {isa = PBXBuildFile; fileRef = 520AB6B62C00CB8800B3AC66 /* Coordinator.swift */; };
		520AB6BA2C00CCBC00B3AC66 /* Composer.swift in Sources */ = {isa = PBXBuildFile; fileRef = 520AB6B92C00CCBC00B3AC66 /* Composer.swift */; };
		520AB6BD2C00CE8400B3AC66 /* HomeCoordinator.swift in Sources */ = {isa = PBXBuildFile; fileRef = 520AB6BC2C00CE8400B3AC66 /* HomeCoordinator.swift */; };
		520AB6BF2C00CEC800B3AC66 /* HomeComposer.swift in Sources */ = {isa = PBXBuildFile; fileRef = 520AB6BE2C00CEC800B3AC66 /* HomeComposer.swift */; };
		520AB6C32C00CF1500B3AC66 /* HomeView.swift in Sources */ = {isa = PBXBuildFile; fileRef = 520AB6C22C00CF1500B3AC66 /* HomeView.swift */; };
		520AB6C52C00D17C00B3AC66 /* HomeViewModel.swift in Sources */ = {isa = PBXBuildFile; fileRef = 520AB6C42C00D17C00B3AC66 /* HomeViewModel.swift */; };
		520AB6C82C01F05100B3AC66 /* AddRecipeView.swift in Sources */ = {isa = PBXBuildFile; fileRef = 520AB6C72C01F05100B3AC66 /* AddRecipeView.swift */; };
		520AB6CA2C01F06800B3AC66 /* AddRecipeCoordinator.swift in Sources */ = {isa = PBXBuildFile; fileRef = 520AB6C92C01F06800B3AC66 /* AddRecipeCoordinator.swift */; };
		520AB6CC2C01F08600B3AC66 /* AddRecipeComposer.swift in Sources */ = {isa = PBXBuildFile; fileRef = 520AB6CB2C01F08600B3AC66 /* AddRecipeComposer.swift */; };
		520AB6CE2C01F09C00B3AC66 /* AddRecipeViewModel.swift in Sources */ = {isa = PBXBuildFile; fileRef = 520AB6CD2C01F09C00B3AC66 /* AddRecipeViewModel.swift */; };
		520AB6D12C01F1B700B3AC66 /* ProfileCoordinator.swift in Sources */ = {isa = PBXBuildFile; fileRef = 520AB6D02C01F1B700B3AC66 /* ProfileCoordinator.swift */; };
		520AB6D32C01F1DD00B3AC66 /* ProfileComposer.swift in Sources */ = {isa = PBXBuildFile; fileRef = 520AB6D22C01F1DD00B3AC66 /* ProfileComposer.swift */; };
		520AB6D52C01F20D00B3AC66 /* ProfileView.swift in Sources */ = {isa = PBXBuildFile; fileRef = 520AB6D42C01F20D00B3AC66 /* ProfileView.swift */; };
		520AB6D72C01F24200B3AC66 /* ProfileViewModel.swift in Sources */ = {isa = PBXBuildFile; fileRef = 520AB6D62C01F24200B3AC66 /* ProfileViewModel.swift */; };
		520AB6D92C01F2EB00B3AC66 /* TabBarItem.swift in Sources */ = {isa = PBXBuildFile; fileRef = 520AB6D82C01F2EB00B3AC66 /* TabBarItem.swift */; };
		520AB6DB2C01F50F00B3AC66 /* AppModel.swift in Sources */ = {isa = PBXBuildFile; fileRef = 520AB6DA2C01F50F00B3AC66 /* AppModel.swift */; };
		520AB6E02C01F53C00B3AC66 /* SignInView.swift in Sources */ = {isa = PBXBuildFile; fileRef = 520AB6DF2C01F53C00B3AC66 /* SignInView.swift */; };
		520AB6E22C01F54700B3AC66 /* SignUpView.swift in Sources */ = {isa = PBXBuildFile; fileRef = 520AB6E12C01F54700B3AC66 /* SignUpView.swift */; };
		520AB6E42C01F56500B3AC66 /* SignInViewModel.swift in Sources */ = {isa = PBXBuildFile; fileRef = 520AB6E32C01F56500B3AC66 /* SignInViewModel.swift */; };
		520AB6E62C01F57400B3AC66 /* SignUpViewModel.swift in Sources */ = {isa = PBXBuildFile; fileRef = 520AB6E52C01F57400B3AC66 /* SignUpViewModel.swift */; };
		520AB6E82C01F59B00B3AC66 /* SignInCoordinator.swift in Sources */ = {isa = PBXBuildFile; fileRef = 520AB6E72C01F59B00B3AC66 /* SignInCoordinator.swift */; };
		520AB6EA2C01F5E900B3AC66 /* SignInComposer.swift in Sources */ = {isa = PBXBuildFile; fileRef = 520AB6E92C01F5E900B3AC66 /* SignInComposer.swift */; };
		520AB6EC2C01F64000B3AC66 /* SignUpCoordinator.swift in Sources */ = {isa = PBXBuildFile; fileRef = 520AB6EB2C01F64000B3AC66 /* SignUpCoordinator.swift */; };
		520AB6EE2C01F66200B3AC66 /* SignUpComposer.swift in Sources */ = {isa = PBXBuildFile; fileRef = 520AB6ED2C01F66200B3AC66 /* SignUpComposer.swift */; };
/* End PBXBuildFile section */

/* Begin PBXFileReference section */
		520AB69A2C00CA8B00B3AC66 /* TastyBites.app */ = {isa = PBXFileReference; explicitFileType = wrapper.application; includeInIndex = 0; path = TastyBites.app; sourceTree = BUILT_PRODUCTS_DIR; };
		520AB69D2C00CA8B00B3AC66 /* AppDelegate.swift */ = {isa = PBXFileReference; lastKnownFileType = sourcecode.swift; path = AppDelegate.swift; sourceTree = "<group>"; };
		520AB69F2C00CA8B00B3AC66 /* SceneDelegate.swift */ = {isa = PBXFileReference; lastKnownFileType = sourcecode.swift; path = SceneDelegate.swift; sourceTree = "<group>"; };
		520AB6A62C00CA8E00B3AC66 /* Assets.xcassets */ = {isa = PBXFileReference; lastKnownFileType = folder.assetcatalog; path = Assets.xcassets; sourceTree = "<group>"; };
		520AB6A92C00CA8E00B3AC66 /* Base */ = {isa = PBXFileReference; lastKnownFileType = file.storyboard; name = Base; path = Base.lproj/LaunchScreen.storyboard; sourceTree = "<group>"; };
		520AB6AB2C00CA8E00B3AC66 /* Info.plist */ = {isa = PBXFileReference; lastKnownFileType = text.plist.xml; path = Info.plist; sourceTree = "<group>"; };
		520AB6B22C00CB7300B3AC66 /* AppCoordinator.swift */ = {isa = PBXFileReference; lastKnownFileType = sourcecode.swift; path = AppCoordinator.swift; sourceTree = "<group>"; };
		520AB6B42C00CB8000B3AC66 /* MainCoordinator.swift */ = {isa = PBXFileReference; lastKnownFileType = sourcecode.swift; path = MainCoordinator.swift; sourceTree = "<group>"; };
		520AB6B62C00CB8800B3AC66 /* Coordinator.swift */ = {isa = PBXFileReference; lastKnownFileType = sourcecode.swift; path = Coordinator.swift; sourceTree = "<group>"; };
		520AB6B92C00CCBC00B3AC66 /* Composer.swift */ = {isa = PBXFileReference; lastKnownFileType = sourcecode.swift; path = Composer.swift; sourceTree = "<group>"; };
		520AB6BC2C00CE8400B3AC66 /* HomeCoordinator.swift */ = {isa = PBXFileReference; lastKnownFileType = sourcecode.swift; path = HomeCoordinator.swift; sourceTree = "<group>"; };
		520AB6BE2C00CEC800B3AC66 /* HomeComposer.swift */ = {isa = PBXFileReference; lastKnownFileType = sourcecode.swift; path = HomeComposer.swift; sourceTree = "<group>"; };
		520AB6C22C00CF1500B3AC66 /* HomeView.swift */ = {isa = PBXFileReference; lastKnownFileType = sourcecode.swift; path = HomeView.swift; sourceTree = "<group>"; };
		520AB6C42C00D17C00B3AC66 /* HomeViewModel.swift */ = {isa = PBXFileReference; lastKnownFileType = sourcecode.swift; path = HomeViewModel.swift; sourceTree = "<group>"; };
		520AB6C72C01F05100B3AC66 /* AddRecipeView.swift */ = {isa = PBXFileReference; lastKnownFileType = sourcecode.swift; path = AddRecipeView.swift; sourceTree = "<group>"; };
		520AB6C92C01F06800B3AC66 /* AddRecipeCoordinator.swift */ = {isa = PBXFileReference; lastKnownFileType = sourcecode.swift; path = AddRecipeCoordinator.swift; sourceTree = "<group>"; };
		520AB6CB2C01F08600B3AC66 /* AddRecipeComposer.swift */ = {isa = PBXFileReference; lastKnownFileType = sourcecode.swift; path = AddRecipeComposer.swift; sourceTree = "<group>"; };
		520AB6CD2C01F09C00B3AC66 /* AddRecipeViewModel.swift */ = {isa = PBXFileReference; lastKnownFileType = sourcecode.swift; path = AddRecipeViewModel.swift; sourceTree = "<group>"; };
		520AB6D02C01F1B700B3AC66 /* ProfileCoordinator.swift */ = {isa = PBXFileReference; lastKnownFileType = sourcecode.swift; path = ProfileCoordinator.swift; sourceTree = "<group>"; };
		520AB6D22C01F1DD00B3AC66 /* ProfileComposer.swift */ = {isa = PBXFileReference; lastKnownFileType = sourcecode.swift; path = ProfileComposer.swift; sourceTree = "<group>"; };
		520AB6D42C01F20D00B3AC66 /* ProfileView.swift */ = {isa = PBXFileReference; lastKnownFileType = sourcecode.swift; path = ProfileView.swift; sourceTree = "<group>"; };
		520AB6D62C01F24200B3AC66 /* ProfileViewModel.swift */ = {isa = PBXFileReference; lastKnownFileType = sourcecode.swift; path = ProfileViewModel.swift; sourceTree = "<group>"; };
		520AB6D82C01F2EB00B3AC66 /* TabBarItem.swift */ = {isa = PBXFileReference; lastKnownFileType = sourcecode.swift; path = TabBarItem.swift; sourceTree = "<group>"; };
		520AB6DA2C01F50F00B3AC66 /* AppModel.swift */ = {isa = PBXFileReference; lastKnownFileType = sourcecode.swift; path = AppModel.swift; sourceTree = "<group>"; };
		520AB6DF2C01F53C00B3AC66 /* SignInView.swift */ = {isa = PBXFileReference; lastKnownFileType = sourcecode.swift; path = SignInView.swift; sourceTree = "<group>"; };
		520AB6E12C01F54700B3AC66 /* SignUpView.swift */ = {isa = PBXFileReference; lastKnownFileType = sourcecode.swift; path = SignUpView.swift; sourceTree = "<group>"; };
		520AB6E32C01F56500B3AC66 /* SignInViewModel.swift */ = {isa = PBXFileReference; lastKnownFileType = sourcecode.swift; path = SignInViewModel.swift; sourceTree = "<group>"; };
		520AB6E52C01F57400B3AC66 /* SignUpViewModel.swift */ = {isa = PBXFileReference; lastKnownFileType = sourcecode.swift; path = SignUpViewModel.swift; sourceTree = "<group>"; };
		520AB6E72C01F59B00B3AC66 /* SignInCoordinator.swift */ = {isa = PBXFileReference; lastKnownFileType = sourcecode.swift; path = SignInCoordinator.swift; sourceTree = "<group>"; };
		520AB6E92C01F5E900B3AC66 /* SignInComposer.swift */ = {isa = PBXFileReference; lastKnownFileType = sourcecode.swift; path = SignInComposer.swift; sourceTree = "<group>"; };
		520AB6EB2C01F64000B3AC66 /* SignUpCoordinator.swift */ = {isa = PBXFileReference; lastKnownFileType = sourcecode.swift; path = SignUpCoordinator.swift; sourceTree = "<group>"; };
		520AB6ED2C01F66200B3AC66 /* SignUpComposer.swift */ = {isa = PBXFileReference; lastKnownFileType = sourcecode.swift; path = SignUpComposer.swift; sourceTree = "<group>"; };
/* End PBXFileReference section */

/* Begin PBXFrameworksBuildPhase section */
		520AB6972C00CA8B00B3AC66 /* Frameworks */ = {
			isa = PBXFrameworksBuildPhase;
			buildActionMask = 2147483647;
			files = (
			);
			runOnlyForDeploymentPostprocessing = 0;
		};
/* End PBXFrameworksBuildPhase section */

/* Begin PBXGroup section */
		520AB6912C00CA8B00B3AC66 = {
			isa = PBXGroup;
			children = (
				520AB69C2C00CA8B00B3AC66 /* TastyBites */,
				520AB69B2C00CA8B00B3AC66 /* Products */,
			);
			sourceTree = "<group>";
		};
		520AB69B2C00CA8B00B3AC66 /* Products */ = {
			isa = PBXGroup;
			children = (
				520AB69A2C00CA8B00B3AC66 /* TastyBites.app */,
			);
			name = Products;
			sourceTree = "<group>";
		};
		520AB69C2C00CA8B00B3AC66 /* TastyBites */ = {
			isa = PBXGroup;
			children = (
				520AB6DC2C01F51300B3AC66 /* Auth */,
				520AB6BB2C00CE7400B3AC66 /* Home */,
				520AB6C62C01F03600B3AC66 /* AddRecipe */,
				520AB6CF2C01F19400B3AC66 /* Profile */,
				520AB6B12C00CB4B00B3AC66 /* App */,
				520AB6A62C00CA8E00B3AC66 /* Assets.xcassets */,
				520AB6A82C00CA8E00B3AC66 /* LaunchScreen.storyboard */,
				520AB6AB2C00CA8E00B3AC66 /* Info.plist */,
				520AB6B82C00CB8B00B3AC66 /* Coordinator */,
				520AB6B92C00CCBC00B3AC66 /* Composer.swift */,
				520AB6D82C01F2EB00B3AC66 /* TabBarItem.swift */,
				520AB6DA2C01F50F00B3AC66 /* AppModel.swift */,
			);
			path = TastyBites;
			sourceTree = "<group>";
		};
		520AB6B12C00CB4B00B3AC66 /* App */ = {
			isa = PBXGroup;
			children = (
				520AB69D2C00CA8B00B3AC66 /* AppDelegate.swift */,
				520AB69F2C00CA8B00B3AC66 /* SceneDelegate.swift */,
			);
			path = App;
			sourceTree = "<group>";
		};
		520AB6B82C00CB8B00B3AC66 /* Coordinator */ = {
			isa = PBXGroup;
			children = (
				520AB6B22C00CB7300B3AC66 /* AppCoordinator.swift */,
				520AB6B42C00CB8000B3AC66 /* MainCoordinator.swift */,
				520AB6B62C00CB8800B3AC66 /* Coordinator.swift */,
			);
			path = Coordinator;
			sourceTree = "<group>";
		};
		520AB6BB2C00CE7400B3AC66 /* Home */ = {
			isa = PBXGroup;
			children = (
				520AB6BC2C00CE8400B3AC66 /* HomeCoordinator.swift */,
				520AB6BE2C00CEC800B3AC66 /* HomeComposer.swift */,
				520AB6C22C00CF1500B3AC66 /* HomeView.swift */,
				520AB6C42C00D17C00B3AC66 /* HomeViewModel.swift */,
			);
			path = Home;
			sourceTree = "<group>";
		};
		520AB6C62C01F03600B3AC66 /* AddRecipe */ = {
			isa = PBXGroup;
			children = (
				520AB6C92C01F06800B3AC66 /* AddRecipeCoordinator.swift */,
				520AB6CB2C01F08600B3AC66 /* AddRecipeComposer.swift */,
				520AB6C72C01F05100B3AC66 /* AddRecipeView.swift */,
				520AB6CD2C01F09C00B3AC66 /* AddRecipeViewModel.swift */,
			);
			path = AddRecipe;
			sourceTree = "<group>";
		};
		520AB6CF2C01F19400B3AC66 /* Profile */ = {
			isa = PBXGroup;
			children = (
				520AB6D02C01F1B700B3AC66 /* ProfileCoordinator.swift */,
				520AB6D22C01F1DD00B3AC66 /* ProfileComposer.swift */,
				520AB6D42C01F20D00B3AC66 /* ProfileView.swift */,
				520AB6D62C01F24200B3AC66 /* ProfileViewModel.swift */,
			);
			path = Profile;
			sourceTree = "<group>";
		};
		520AB6DC2C01F51300B3AC66 /* Auth */ = {
			isa = PBXGroup;
			children = (
				520AB6DD2C01F51B00B3AC66 /* SignIn */,
				520AB6DE2C01F52300B3AC66 /* SignUp */,
			);
			path = Auth;
			sourceTree = "<group>";
		};
		520AB6DD2C01F51B00B3AC66 /* SignIn */ = {
			isa = PBXGroup;
			children = (
				520AB6E72C01F59B00B3AC66 /* SignInCoordinator.swift */,
				520AB6E92C01F5E900B3AC66 /* SignInComposer.swift */,
				520AB6DF2C01F53C00B3AC66 /* SignInView.swift */,
				520AB6E32C01F56500B3AC66 /* SignInViewModel.swift */,
			);
			path = SignIn;
			sourceTree = "<group>";
		};
		520AB6DE2C01F52300B3AC66 /* SignUp */ = {
			isa = PBXGroup;
			children = (
				520AB6EB2C01F64000B3AC66 /* SignUpCoordinator.swift */,
				520AB6E12C01F54700B3AC66 /* SignUpView.swift */,
				520AB6ED2C01F66200B3AC66 /* SignUpComposer.swift */,
				520AB6E52C01F57400B3AC66 /* SignUpViewModel.swift */,
			);
			path = SignUp;
			sourceTree = "<group>";
		};
/* End PBXGroup section */

/* Begin PBXNativeTarget section */
		520AB6992C00CA8B00B3AC66 /* TastyBites */ = {
			isa = PBXNativeTarget;
			buildConfigurationList = 520AB6AE2C00CA8E00B3AC66 /* Build configuration list for PBXNativeTarget "TastyBites" */;
			buildPhases = (
				520AB6962C00CA8B00B3AC66 /* Sources */,
				520AB6972C00CA8B00B3AC66 /* Frameworks */,
				520AB6982C00CA8B00B3AC66 /* Resources */,
			);
			buildRules = (
			);
			dependencies = (
			);
			name = TastyBites;
			productName = TastyBites;
			productReference = 520AB69A2C00CA8B00B3AC66 /* TastyBites.app */;
			productType = "com.apple.product-type.application";
		};
/* End PBXNativeTarget section */

/* Begin PBXProject section */
		520AB6922C00CA8B00B3AC66 /* Project object */ = {
			isa = PBXProject;
			attributes = {
				BuildIndependentTargetsInParallel = 1;
				LastSwiftUpdateCheck = 1530;
				LastUpgradeCheck = 1530;
				TargetAttributes = {
					520AB6992C00CA8B00B3AC66 = {
						CreatedOnToolsVersion = 15.3;
					};
				};
			};
			buildConfigurationList = 520AB6952C00CA8B00B3AC66 /* Build configuration list for PBXProject "TastyBites" */;
			compatibilityVersion = "Xcode 14.0";
			developmentRegion = en;
			hasScannedForEncodings = 0;
			knownRegions = (
				en,
				Base,
			);
			mainGroup = 520AB6912C00CA8B00B3AC66;
			productRefGroup = 520AB69B2C00CA8B00B3AC66 /* Products */;
			projectDirPath = "";
			projectRoot = "";
			targets = (
				520AB6992C00CA8B00B3AC66 /* TastyBites */,
			);
		};
/* End PBXProject section */

/* Begin PBXResourcesBuildPhase section */
		520AB6982C00CA8B00B3AC66 /* Resources */ = {
			isa = PBXResourcesBuildPhase;
			buildActionMask = 2147483647;
			files = (
				520AB6A72C00CA8E00B3AC66 /* Assets.xcassets in Resources */,
				520AB6AA2C00CA8E00B3AC66 /* Base in Resources */,
			);
			runOnlyForDeploymentPostprocessing = 0;
		};
/* End PBXResourcesBuildPhase section */

/* Begin PBXSourcesBuildPhase section */
		520AB6962C00CA8B00B3AC66 /* Sources */ = {
			isa = PBXSourcesBuildPhase;
			buildActionMask = 2147483647;
			files = (
				520AB6C32C00CF1500B3AC66 /* HomeView.swift in Sources */,
				520AB6B32C00CB7300B3AC66 /* AppCoordinator.swift in Sources */,
				520AB6C82C01F05100B3AC66 /* AddRecipeView.swift in Sources */,
				520AB6DB2C01F50F00B3AC66 /* AppModel.swift in Sources */,
				520AB6E82C01F59B00B3AC66 /* SignInCoordinator.swift in Sources */,
				520AB6EE2C01F66200B3AC66 /* SignUpComposer.swift in Sources */,
				520AB6E42C01F56500B3AC66 /* SignInViewModel.swift in Sources */,
				520AB6B52C00CB8000B3AC66 /* MainCoordinator.swift in Sources */,
				520AB6B72C00CB8800B3AC66 /* Coordinator.swift in Sources */,
				520AB6C52C00D17C00B3AC66 /* HomeViewModel.swift in Sources */,
				520AB6EA2C01F5E900B3AC66 /* SignInComposer.swift in Sources */,
				520AB6CA2C01F06800B3AC66 /* AddRecipeCoordinator.swift in Sources */,
				520AB69E2C00CA8B00B3AC66 /* AppDelegate.swift in Sources */,
				520AB6E62C01F57400B3AC66 /* SignUpViewModel.swift in Sources */,
				520AB6EC2C01F64000B3AC66 /* SignUpCoordinator.swift in Sources */,
				520AB6CE2C01F09C00B3AC66 /* AddRecipeViewModel.swift in Sources */,
				520AB6D52C01F20D00B3AC66 /* ProfileView.swift in Sources */,
				520AB6D32C01F1DD00B3AC66 /* ProfileComposer.swift in Sources */,
				520AB6A02C00CA8B00B3AC66 /* SceneDelegate.swift in Sources */,
				520AB6D72C01F24200B3AC66 /* ProfileViewModel.swift in Sources */,
				520AB6D92C01F2EB00B3AC66 /* TabBarItem.swift in Sources */,
				520AB6E02C01F53C00B3AC66 /* SignInView.swift in Sources */,
				520AB6E22C01F54700B3AC66 /* SignUpView.swift in Sources */,
				520AB6BD2C00CE8400B3AC66 /* HomeCoordinator.swift in Sources */,
				520AB6BF2C00CEC800B3AC66 /* HomeComposer.swift in Sources */,
				520AB6CC2C01F08600B3AC66 /* AddRecipeComposer.swift in Sources */,
				520AB6D12C01F1B700B3AC66 /* ProfileCoordinator.swift in Sources */,
				520AB6BA2C00CCBC00B3AC66 /* Composer.swift in Sources */,
			);
			runOnlyForDeploymentPostprocessing = 0;
		};
/* End PBXSourcesBuildPhase section */

/* Begin PBXVariantGroup section */
		520AB6A82C00CA8E00B3AC66 /* LaunchScreen.storyboard */ = {
			isa = PBXVariantGroup;
			children = (
				520AB6A92C00CA8E00B3AC66 /* Base */,
			);
			name = LaunchScreen.storyboard;
			sourceTree = "<group>";
		};
/* End PBXVariantGroup section */

/* Begin XCBuildConfiguration section */
		520AB6AC2C00CA8E00B3AC66 /* Debug */ = {
			isa = XCBuildConfiguration;
			buildSettings = {
				ALWAYS_SEARCH_USER_PATHS = NO;
				ASSETCATALOG_COMPILER_GENERATE_SWIFT_ASSET_SYMBOL_EXTENSIONS = YES;
				CLANG_ANALYZER_NONNULL = YES;
				CLANG_ANALYZER_NUMBER_OBJECT_CONVERSION = YES_AGGRESSIVE;
				CLANG_CXX_LANGUAGE_STANDARD = "gnu++20";
				CLANG_ENABLE_MODULES = YES;
				CLANG_ENABLE_OBJC_ARC = YES;
				CLANG_ENABLE_OBJC_WEAK = YES;
				CLANG_WARN_BLOCK_CAPTURE_AUTORELEASING = YES;
				CLANG_WARN_BOOL_CONVERSION = YES;
				CLANG_WARN_COMMA = YES;
				CLANG_WARN_CONSTANT_CONVERSION = YES;
				CLANG_WARN_DEPRECATED_OBJC_IMPLEMENTATIONS = YES;
				CLANG_WARN_DIRECT_OBJC_ISA_USAGE = YES_ERROR;
				CLANG_WARN_DOCUMENTATION_COMMENTS = YES;
				CLANG_WARN_EMPTY_BODY = YES;
				CLANG_WARN_ENUM_CONVERSION = YES;
				CLANG_WARN_INFINITE_RECURSION = YES;
				CLANG_WARN_INT_CONVERSION = YES;
				CLANG_WARN_NON_LITERAL_NULL_CONVERSION = YES;
				CLANG_WARN_OBJC_IMPLICIT_RETAIN_SELF = YES;
				CLANG_WARN_OBJC_LITERAL_CONVERSION = YES;
				CLANG_WARN_OBJC_ROOT_CLASS = YES_ERROR;
				CLANG_WARN_QUOTED_INCLUDE_IN_FRAMEWORK_HEADER = YES;
				CLANG_WARN_RANGE_LOOP_ANALYSIS = YES;
				CLANG_WARN_STRICT_PROTOTYPES = YES;
				CLANG_WARN_SUSPICIOUS_MOVE = YES;
				CLANG_WARN_UNGUARDED_AVAILABILITY = YES_AGGRESSIVE;
				CLANG_WARN_UNREACHABLE_CODE = YES;
				CLANG_WARN__DUPLICATE_METHOD_MATCH = YES;
				COPY_PHASE_STRIP = NO;
				DEBUG_INFORMATION_FORMAT = dwarf;
				ENABLE_STRICT_OBJC_MSGSEND = YES;
				ENABLE_TESTABILITY = YES;
				ENABLE_USER_SCRIPT_SANDBOXING = YES;
				GCC_C_LANGUAGE_STANDARD = gnu17;
				GCC_DYNAMIC_NO_PIC = NO;
				GCC_NO_COMMON_BLOCKS = YES;
				GCC_OPTIMIZATION_LEVEL = 0;
				GCC_PREPROCESSOR_DEFINITIONS = (
					"DEBUG=1",
					"$(inherited)",
				);
				GCC_WARN_64_TO_32_BIT_CONVERSION = YES;
				GCC_WARN_ABOUT_RETURN_TYPE = YES_ERROR;
				GCC_WARN_UNDECLARED_SELECTOR = YES;
				GCC_WARN_UNINITIALIZED_AUTOS = YES_AGGRESSIVE;
				GCC_WARN_UNUSED_FUNCTION = YES;
				GCC_WARN_UNUSED_VARIABLE = YES;
				IPHONEOS_DEPLOYMENT_TARGET = 17.4;
				LOCALIZATION_PREFERS_STRING_CATALOGS = YES;
				MTL_ENABLE_DEBUG_INFO = INCLUDE_SOURCE;
				MTL_FAST_MATH = YES;
				ONLY_ACTIVE_ARCH = YES;
				SDKROOT = iphoneos;
				SWIFT_ACTIVE_COMPILATION_CONDITIONS = "DEBUG $(inherited)";
				SWIFT_OPTIMIZATION_LEVEL = "-Onone";
			};
			name = Debug;
		};
		520AB6AD2C00CA8E00B3AC66 /* Release */ = {
			isa = XCBuildConfiguration;
			buildSettings = {
				ALWAYS_SEARCH_USER_PATHS = NO;
				ASSETCATALOG_COMPILER_GENERATE_SWIFT_ASSET_SYMBOL_EXTENSIONS = YES;
				CLANG_ANALYZER_NONNULL = YES;
				CLANG_ANALYZER_NUMBER_OBJECT_CONVERSION = YES_AGGRESSIVE;
				CLANG_CXX_LANGUAGE_STANDARD = "gnu++20";
				CLANG_ENABLE_MODULES = YES;
				CLANG_ENABLE_OBJC_ARC = YES;
				CLANG_ENABLE_OBJC_WEAK = YES;
				CLANG_WARN_BLOCK_CAPTURE_AUTORELEASING = YES;
				CLANG_WARN_BOOL_CONVERSION = YES;
				CLANG_WARN_COMMA = YES;
				CLANG_WARN_CONSTANT_CONVERSION = YES;
				CLANG_WARN_DEPRECATED_OBJC_IMPLEMENTATIONS = YES;
				CLANG_WARN_DIRECT_OBJC_ISA_USAGE = YES_ERROR;
				CLANG_WARN_DOCUMENTATION_COMMENTS = YES;
				CLANG_WARN_EMPTY_BODY = YES;
				CLANG_WARN_ENUM_CONVERSION = YES;
				CLANG_WARN_INFINITE_RECURSION = YES;
				CLANG_WARN_INT_CONVERSION = YES;
				CLANG_WARN_NON_LITERAL_NULL_CONVERSION = YES;
				CLANG_WARN_OBJC_IMPLICIT_RETAIN_SELF = YES;
				CLANG_WARN_OBJC_LITERAL_CONVERSION = YES;
				CLANG_WARN_OBJC_ROOT_CLASS = YES_ERROR;
				CLANG_WARN_QUOTED_INCLUDE_IN_FRAMEWORK_HEADER = YES;
				CLANG_WARN_RANGE_LOOP_ANALYSIS = YES;
				CLANG_WARN_STRICT_PROTOTYPES = YES;
				CLANG_WARN_SUSPICIOUS_MOVE = YES;
				CLANG_WARN_UNGUARDED_AVAILABILITY = YES_AGGRESSIVE;
				CLANG_WARN_UNREACHABLE_CODE = YES;
				CLANG_WARN__DUPLICATE_METHOD_MATCH = YES;
				COPY_PHASE_STRIP = NO;
				DEBUG_INFORMATION_FORMAT = "dwarf-with-dsym";
				ENABLE_NS_ASSERTIONS = NO;
				ENABLE_STRICT_OBJC_MSGSEND = YES;
				ENABLE_USER_SCRIPT_SANDBOXING = YES;
				GCC_C_LANGUAGE_STANDARD = gnu17;
				GCC_NO_COMMON_BLOCKS = YES;
				GCC_WARN_64_TO_32_BIT_CONVERSION = YES;
				GCC_WARN_ABOUT_RETURN_TYPE = YES_ERROR;
				GCC_WARN_UNDECLARED_SELECTOR = YES;
				GCC_WARN_UNINITIALIZED_AUTOS = YES_AGGRESSIVE;
				GCC_WARN_UNUSED_FUNCTION = YES;
				GCC_WARN_UNUSED_VARIABLE = YES;
				IPHONEOS_DEPLOYMENT_TARGET = 17.4;
				LOCALIZATION_PREFERS_STRING_CATALOGS = YES;
				MTL_ENABLE_DEBUG_INFO = NO;
				MTL_FAST_MATH = YES;
				SDKROOT = iphoneos;
				SWIFT_COMPILATION_MODE = wholemodule;
				VALIDATE_PRODUCT = YES;
			};
			name = Release;
		};
		520AB6AF2C00CA8E00B3AC66 /* Debug */ = {
			isa = XCBuildConfiguration;
			buildSettings = {
				ASSETCATALOG_COMPILER_APPICON_NAME = AppIcon;
				ASSETCATALOG_COMPILER_GLOBAL_ACCENT_COLOR_NAME = AccentColor;
				CODE_SIGN_STYLE = Automatic;
				CURRENT_PROJECT_VERSION = 1;
				DEVELOPMENT_TEAM = PF6GCM4LDS;
				GENERATE_INFOPLIST_FILE = YES;
				INFOPLIST_FILE = TastyBites/Info.plist;
				INFOPLIST_KEY_UIApplicationSupportsIndirectInputEvents = YES;
				INFOPLIST_KEY_UILaunchStoryboardName = LaunchScreen;
				INFOPLIST_KEY_UISupportedInterfaceOrientations_iPad = "UIInterfaceOrientationPortrait UIInterfaceOrientationPortraitUpsideDown UIInterfaceOrientationLandscapeLeft UIInterfaceOrientationLandscapeRight";
				INFOPLIST_KEY_UISupportedInterfaceOrientations_iPhone = "UIInterfaceOrientationPortrait UIInterfaceOrientationLandscapeLeft UIInterfaceOrientationLandscapeRight";
				IPHONEOS_DEPLOYMENT_TARGET = 16.0;
				LD_RUNPATH_SEARCH_PATHS = (
					"$(inherited)",
					"@executable_path/Frameworks",
				);
				MARKETING_VERSION = 1.0;
				PRODUCT_BUNDLE_IDENTIFIER = com.tastyBites.TastyBites;
				PRODUCT_NAME = "$(TARGET_NAME)";
				SUPPORTED_PLATFORMS = "iphoneos iphonesimulator";
				SUPPORTS_MACCATALYST = NO;
				SUPPORTS_MAC_DESIGNED_FOR_IPHONE_IPAD = NO;
				SUPPORTS_XR_DESIGNED_FOR_IPHONE_IPAD = NO;
				SWIFT_EMIT_LOC_STRINGS = YES;
				SWIFT_VERSION = 5.0;
				TARGETED_DEVICE_FAMILY = "1,2";
			};
			name = Debug;
		};
		520AB6B02C00CA8E00B3AC66 /* Release */ = {
			isa = XCBuildConfiguration;
			buildSettings = {
				ASSETCATALOG_COMPILER_APPICON_NAME = AppIcon;
				ASSETCATALOG_COMPILER_GLOBAL_ACCENT_COLOR_NAME = AccentColor;
				CODE_SIGN_STYLE = Automatic;
				CURRENT_PROJECT_VERSION = 1;
				DEVELOPMENT_TEAM = PF6GCM4LDS;
				GENERATE_INFOPLIST_FILE = YES;
				INFOPLIST_FILE = TastyBites/Info.plist;
				INFOPLIST_KEY_UIApplicationSupportsIndirectInputEvents = YES;
				INFOPLIST_KEY_UILaunchStoryboardName = LaunchScreen;
				INFOPLIST_KEY_UISupportedInterfaceOrientations_iPad = "UIInterfaceOrientationPortrait UIInterfaceOrientationPortraitUpsideDown UIInterfaceOrientationLandscapeLeft UIInterfaceOrientationLandscapeRight";
				INFOPLIST_KEY_UISupportedInterfaceOrientations_iPhone = "UIInterfaceOrientationPortrait UIInterfaceOrientationLandscapeLeft UIInterfaceOrientationLandscapeRight";
				IPHONEOS_DEPLOYMENT_TARGET = 16.0;
				LD_RUNPATH_SEARCH_PATHS = (
					"$(inherited)",
					"@executable_path/Frameworks",
				);
				MARKETING_VERSION = 1.0;
				PRODUCT_BUNDLE_IDENTIFIER = com.tastyBites.TastyBites;
				PRODUCT_NAME = "$(TARGET_NAME)";
				SUPPORTED_PLATFORMS = "iphoneos iphonesimulator";
				SUPPORTS_MACCATALYST = NO;
				SUPPORTS_MAC_DESIGNED_FOR_IPHONE_IPAD = NO;
				SUPPORTS_XR_DESIGNED_FOR_IPHONE_IPAD = NO;
				SWIFT_EMIT_LOC_STRINGS = YES;
				SWIFT_VERSION = 5.0;
				TARGETED_DEVICE_FAMILY = "1,2";
			};
			name = Release;
		};
/* End XCBuildConfiguration section */

/* Begin XCConfigurationList section */
		520AB6952C00CA8B00B3AC66 /* Build configuration list for PBXProject "TastyBites" */ = {
			isa = XCConfigurationList;
			buildConfigurations = (
				520AB6AC2C00CA8E00B3AC66 /* Debug */,
				520AB6AD2C00CA8E00B3AC66 /* Release */,
			);
			defaultConfigurationIsVisible = 0;
			defaultConfigurationName = Release;
		};
		520AB6AE2C00CA8E00B3AC66 /* Build configuration list for PBXNativeTarget "TastyBites" */ = {
			isa = XCConfigurationList;
			buildConfigurations = (
				520AB6AF2C00CA8E00B3AC66 /* Debug */,
				520AB6B02C00CA8E00B3AC66 /* Release */,
			);
			defaultConfigurationIsVisible = 0;
			defaultConfigurationName = Release;
		};
/* End XCConfigurationList section */
	};
	rootObject = 520AB6922C00CA8B00B3AC66 /* Project object */;
}
